{
  "name": "ymax-agent-local-mcp",
  "lockfileVersion": 3,
  "requires": true,
  "packages": {
    "": {
      "devDependencies": {
        "ts-blank-space": "^0.9.0"
      }
    },
    "node_modules/ts-blank-space": {
      "version": "0.9.0",
      "resolved": "https://registry.npmjs.org/ts-blank-space/-/ts-blank-space-0.9.0.tgz",
      "integrity": "sha512-TU6coIZm6RxGgAjroRKmi6aCQ7Pq7cT+1I+bTKBepD6joOuWqUCOptVlz+eurqTnatnQOimlR8XB5sQZ6ULwbw==",
      "dev": true,
      "license": "Apache-2.0",
      "dependencies": {
        "typescript": "5.1.6 - 6.0.x"
      },
      "engines": {
        "node": ">=18.0.0"
      }
    },
    "node_modules/typescript": {
      "version": "6.0.3",
      "resolved": "https://registry.npmjs.org/typescript/-/typescript-6.0.3.tgz",
      "integrity": "sha512-y2TvuxSZPDyQakkFRPZHKFm+KKVqIisdg9/CZwm9ftvKXLP8NRWj38/ODjNbr43SsoXqNuAisEf1GdCxqWcdBw==",
      "dev": true,
      "license": "Apache-2.0",
      "bin": {
        "tsc": "bin/tsc",
        "tsserver": "bin/tsserver"
      },
      "engines": {
        "node": ">=14.17"
      }
    }
  }
}
